
Microsoft Visual Studio Solution File, Format Version 11.00
# Visual Studio 2010
Project("{8BC9CEB8-8B4A-11D0-8D11-00A0C91BC942}") = "STC_extract", "STC_extract\STC_extract.vcxproj", "{9D713FC7-E070-4E81-B1D5-B723FD225CD6}"
EndProject
Global
	GlobalSection(SolutionConfigurationPlatforms) = preSolution
		Debug|Win32 = Debug|Win32
		Release|Win32 = Release|Win32
	EndGlobalSection
	GlobalSection(ProjectConfigurationPlatforms) = postSolution
		{9D713FC7-E070-4E81-B1D5-B723FD225CD6}.Debug|Win32.ActiveCfg = Debug|Win32
		{9D713FC7-E070-4E81-B1D5-B723FD225CD6}.Debug|Win32.Build.0 = Debug|Win32
		{9D713FC7-E070-4E81-B1D5-B723FD225CD6}.Release|Win32.ActiveCfg = Release|Win32
		{9D713FC7-E070-4E81-B1D5-B723FD225CD6}.Release|Win32.Build.0 = Release|Win32
	EndGlobalSection
	GlobalSection(SolutionProperties) = preSolution
		HideSolutionNode = FALSE
	EndGlobalSection
EndGlobal
